
Microsoft Visual Studio Solution File, Format Version 12.00
# Visual Studio 15
VisualStudioVersion = 15.0.27703.2018
MinimumVisualStudioVersion = 10.0.40219.1
Project("{FAE04EC0-301F-11D3-BF4B-00C04F79EFBC}") = "MarkdownPreview", "MarkdownPreview\MarkdownPreview.csproj", "{BC7FB9A3-96F5-4444-AE10-67E28CDAF34B}"
EndProject
Global
	GlobalSection(SolutionConfigurationPlatforms) = preSolution
		Debug|ARM = Debug|ARM
		Debug|x64 = Debug|x64
		Debug|x86 = Debug|x86
		Release|ARM = Release|ARM
		Release|x64 = Release|x64
		Release|x86 = Release|x86
	EndGlobalSection
	GlobalSection(ProjectConfigurationPlatforms) = postSolution
		{BC7FB9A3-96F5-4444-AE10-67E28CDAF34B}.Debug|ARM.ActiveCfg = Debug|ARM
		{BC7FB9A3-96F5-4444-AE10-67E28CDAF34B}.Debug|ARM.Build.0 = Debug|ARM
		{BC7FB9A3-96F5-4444-AE10-67E28CDAF34B}.Debug|ARM.Deploy.0 = Debug|ARM
		{BC7FB9A3-96F5-4444-AE10-67E28CDAF34B}.Debug|x64.ActiveCfg = Debug|x64
		{BC7FB9A3-96F5-4444-AE10-67E28CDAF34B}.Debug|x64.Build.0 = Debug|x64
		{BC7FB9A3-96F5-4444-AE10-67E28CDAF34B}.Debug|x64.Deploy.0 = Debug|x64
		{BC7FB9A3-96F5-4444-AE10-67E28CDAF34B}.Debug|x86.ActiveCfg = Debug|x86
		{BC7FB9A3-96F5-4444-AE10-67E28CDAF34B}.Debug|x86.Build.0 = Debug|x86
		{BC7FB9A3-96F5-4444-AE10-67E28CDAF34B}.Debug|x86.Deploy.0 = Debug|x86
		{BC7FB9A3-96F5-4444-AE10-67E28CDAF34B}.Release|ARM.ActiveCfg = Release|ARM
		{BC7FB9A3-96F5-4444-AE10-67E28CDAF34B}.Release|ARM.Build.0 = Release|ARM
		{BC7FB9A3-96F5-4444-AE10-67E28CDAF34B}.Release|ARM.Deploy.0 = Release|ARM
		{BC7FB9A3-96F5-4444-AE10-67E28CDAF34B}.Release|x64.ActiveCfg = Release|x64
		{BC7FB9A3-96F5-4444-AE10-67E28CDAF34B}.Release|x64.Build.0 = Release|x64
		{BC7FB9A3-96F5-4444-AE10-67E28CDAF34B}.Release|x64.Deploy.0 = Release|x64
		{BC7FB9A3-96F5-4444-AE10-67E28CDAF34B}.Release|x86.ActiveCfg = Release|x86
		{BC7FB9A3-96F5-4444-AE10-67E28CDAF34B}.Release|x86.Build.0 = Release|x86
		{BC7FB9A3-96F5-4444-AE10-67E28CDAF34B}.Release|x86.Deploy.0 = Release|x86
	EndGlobalSection
	GlobalSection(SolutionProperties) = preSolution
		HideSolutionNode = FALSE
	EndGlobalSection
	GlobalSection(ExtensibilityGlobals) = postSolution
		SolutionGuid = {BDFEC14B-8FE9-4D1F-903A-3D5CD84CB341}
	EndGlobalSection
EndGlobal
